# @generated by Move, please check-in and do not edit manually.

[move]
version = 2
manifest_digest = "829E970D294DAA658E55FFFDCFB43046E78177EE4A745B3E311C5A827703257E"
deps_digest = "3C4103934B1E040BB6B23F1D610B4EF9F2F1166A50A104EADCF77467C004C600"
dependencies = [
  { name = "Sui" },
  { name = "blob_store" },
]

[[move.package]]
name = "MoveStdlib"
source = { git = "https://github.com/MystenLabs/sui.git", rev = "framework/testnet", subdir = "crates\\sui-framework\\packages\\move-stdlib" }

[[move.package]]
name = "Sui"
source = { git = "https://github.com/MystenLabs/sui.git", rev = "framework/testnet", subdir = "crates/sui-framework/packages/sui-framework" }

dependencies = [
  { name = "MoveStdlib" },
]

[[move.package]]
name = "blob_store"
source = { local = "..\\dependencies\\blob_store" }

dependencies = [
  { name = "Sui" },
]

[move.toolchain-version]
compiler-version = "1.32.2"
edition = "legacy"
flavor = "sui"

[env]

[env.testnet]
chain-id = "4c78adac"
original-published-id = "0x83076db923c7d6528e74fd7eafc568fc21e0f4e594cc97a0610ff7c1c8b16e6a"
latest-published-id = "0x83076db923c7d6528e74fd7eafc568fc21e0f4e594cc97a0610ff7c1c8b16e6a"
published-version = "1"
